
Microsoft Visual Studio Solution File, Format Version 12.00
# Visual Studio Version 17
VisualStudioVersion = 17.0.31903.59
MinimumVisualStudioVersion = 10.0.40219.1
Project("{2150E333-8FDC-42A3-9474-1A3956D46DE8}") = "src", "src", "{827E0CD3-B72D-47B6-A68D-7590B98EB39B}"
EndProject
Project("{FAE04EC0-301F-11D3-BF4B-00C04F79EFBC}") = "LE1GalaxyMapEditor", "src\LE1GalaxyMapEditor\LE1GalaxyMapEditor.csproj", "{DC6EC038-8F15-430E-A87B-6BDFB0687649}"
EndProject
Project("{FAE04EC0-301F-11D3-BF4B-00C04F79EFBC}") = "LE1GalaxyMapEditor.Rendering", "src\LE1GalaxyMapEditor.Rendering\LE1GalaxyMapEditor.Rendering.csproj", "{8CC7983D-9E34-4FB4-A455-7220AC4EC215}"
EndProject
Project("{2150E333-8FDC-42A3-9474-1A3956D46DE8}") = "tests", "tests", "{0AB3BF05-4346-4AA6-1389-037BE0695223}"
EndProject
Project("{FAE04EC0-301F-11D3-BF4B-00C04F79EFBC}") = "LE1GalaxyMapEditor.Tests", "tests\LE1GalaxyMapEditor.Tests\LE1GalaxyMapEditor.Tests.csproj", "{02E22DFB-8AE2-424B-A176-2625A308F629}"
EndProject
Global
	GlobalSection(SolutionConfigurationPlatforms) = preSolution
		Debug|Any CPU = Debug|Any CPU
		Debug|x64 = Debug|x64
		Debug|x86 = Debug|x86
		Release|Any CPU = Release|Any CPU
		Release|x64 = Release|x64
		Release|x86 = Release|x86
	EndGlobalSection
	GlobalSection(ProjectConfigurationPlatforms) = postSolution
		{DC6EC038-8F15-430E-A87B-6BDFB0687649}.Debug|Any CPU.ActiveCfg = Debug|Any CPU
		{DC6EC038-8F15-430E-A87B-6BDFB0687649}.Debug|Any CPU.Build.0 = Debug|Any CPU
		{DC6EC038-8F15-430E-A87B-6BDFB0687649}.Debug|x64.ActiveCfg = Debug|Any CPU
		{DC6EC038-8F15-430E-A87B-6BDFB0687649}.Debug|x64.Build.0 = Debug|Any CPU
		{DC6EC038-8F15-430E-A87B-6BDFB0687649}.Debug|x86.ActiveCfg = Debug|Any CPU
		{DC6EC038-8F15-430E-A87B-6BDFB0687649}.Debug|x86.Build.0 = Debug|Any CPU
		{DC6EC038-8F15-430E-A87B-6BDFB0687649}.Release|Any CPU.ActiveCfg = Release|Any CPU
		{DC6EC038-8F15-430E-A87B-6BDFB0687649}.Release|Any CPU.Build.0 = Release|Any CPU
		{DC6EC038-8F15-430E-A87B-6BDFB0687649}.Release|x64.ActiveCfg = Release|Any CPU
		{DC6EC038-8F15-430E-A87B-6BDFB0687649}.Release|x64.Build.0 = Release|Any CPU
		{DC6EC038-8F15-430E-A87B-6BDFB0687649}.Release|x86.ActiveCfg = Release|Any CPU
		{DC6EC038-8F15-430E-A87B-6BDFB0687649}.Release|x86.Build.0 = Release|Any CPU
		{8CC7983D-9E34-4FB4-A455-7220AC4EC215}.Debug|Any CPU.ActiveCfg = Debug|x64
		{8CC7983D-9E34-4FB4-A455-7220AC4EC215}.Debug|Any CPU.Build.0 = Debug|x64
		{8CC7983D-9E34-4FB4-A455-7220AC4EC215}.Debug|x64.ActiveCfg = Debug|x64
		{8CC7983D-9E34-4FB4-A455-7220AC4EC215}.Debug|x64.Build.0 = Debug|x64
		{8CC7983D-9E34-4FB4-A455-7220AC4EC215}.Debug|x86.ActiveCfg = Debug|x64
		{8CC7983D-9E34-4FB4-A455-7220AC4EC215}.Debug|x86.Build.0 = Debug|x64
		{8CC7983D-9E34-4FB4-A455-7220AC4EC215}.Release|Any CPU.ActiveCfg = Release|x64
		{8CC7983D-9E34-4FB4-A455-7220AC4EC215}.Release|Any CPU.Build.0 = Release|x64
		{8CC7983D-9E34-4FB4-A455-7220AC4EC215}.Release|x64.ActiveCfg = Release|x64
		{8CC7983D-9E34-4FB4-A455-7220AC4EC215}.Release|x64.Build.0 = Release|x64
		{8CC7983D-9E34-4FB4-A455-7220AC4EC215}.Release|x86.ActiveCfg = Release|x64
		{8CC7983D-9E34-4FB4-A455-7220AC4EC215}.Release|x86.Build.0 = Release|x64
		{02E22DFB-8AE2-424B-A176-2625A308F629}.Debug|Any CPU.ActiveCfg = Debug|Any CPU
		{02E22DFB-8AE2-424B-A176-2625A308F629}.Debug|Any CPU.Build.0 = Debug|Any CPU
		{02E22DFB-8AE2-424B-A176-2625A308F629}.Debug|x64.ActiveCfg = Debug|Any CPU
		{02E22DFB-8AE2-424B-A176-2625A308F629}.Debug|x64.Build.0 = Debug|Any CPU
		{02E22DFB-8AE2-424B-A176-2625A308F629}.Debug|x86.ActiveCfg = Debug|Any CPU
		{02E22DFB-8AE2-424B-A176-2625A308F629}.Debug|x86.Build.0 = Debug|Any CPU
		{02E22DFB-8AE2-424B-A176-2625A308F629}.Release|Any CPU.ActiveCfg = Release|Any CPU
		{02E22DFB-8AE2-424B-A176-2625A308F629}.Release|Any CPU.Build.0 = Release|Any CPU
		{02E22DFB-8AE2-424B-A176-2625A308F629}.Release|x64.ActiveCfg = Release|Any CPU
		{02E22DFB-8AE2-424B-A176-2625A308F629}.Release|x64.Build.0 = Release|Any CPU
		{02E22DFB-8AE2-424B-A176-2625A308F629}.Release|x86.ActiveCfg = Release|Any CPU
		{02E22DFB-8AE2-424B-A176-2625A308F629}.Release|x86.Build.0 = Release|Any CPU
	EndGlobalSection
	GlobalSection(SolutionProperties) = preSolution
		HideSolutionNode = FALSE
	EndGlobalSection
	GlobalSection(NestedProjects) = preSolution
		{DC6EC038-8F15-430E-A87B-6BDFB0687649} = {827E0CD3-B72D-47B6-A68D-7590B98EB39B}
		{8CC7983D-9E34-4FB4-A455-7220AC4EC215} = {827E0CD3-B72D-47B6-A68D-7590B98EB39B}
		{02E22DFB-8AE2-424B-A176-2625A308F629} = {0AB3BF05-4346-4AA6-1389-037BE0695223}
	EndGlobalSection
EndGlobal
